
Microsoft Visual Studio Solution File, Format Version 12.00
# Visual Studio Version 17
VisualStudioVersion = 17.10.35013.160
MinimumVisualStudioVersion = 10.0.40219.1
Project("{E53339B2-1760-4266-BCC7-CA923CBCF16C}") = "docker-compose", "docker-compose.dcproj", "{8826CB43-E2F6-4E0A-9781-FF4C3B81D5A6}"
EndProject
Project("{9A19103F-16F7-4668-BE54-9A1E7A4F7556}") = "Otus-SocialNetwork", "Otus-SocialNetwork\Otus-SocialNetwork.csproj", "{AF7EEBE6-EA19-4ECB-B417-D23CD1BEBDCD}"
EndProject
Global
	GlobalSection(SolutionConfigurationPlatforms) = preSolution
		Debug|Any CPU = Debug|Any CPU
		Release|Any CPU = Release|Any CPU
	EndGlobalSection
	GlobalSection(ProjectConfigurationPlatforms) = postSolution
		{8826CB43-E2F6-4E0A-9781-FF4C3B81D5A6}.Debug|Any CPU.ActiveCfg = Debug|Any CPU
		{8826CB43-E2F6-4E0A-9781-FF4C3B81D5A6}.Debug|Any CPU.Build.0 = Debug|Any CPU
		{8826CB43-E2F6-4E0A-9781-FF4C3B81D5A6}.Release|Any CPU.ActiveCfg = Release|Any CPU
		{8826CB43-E2F6-4E0A-9781-FF4C3B81D5A6}.Release|Any CPU.Build.0 = Release|Any CPU
		{AF7EEBE6-EA19-4ECB-B417-D23CD1BEBDCD}.Debug|Any CPU.ActiveCfg = Debug|Any CPU
		{AF7EEBE6-EA19-4ECB-B417-D23CD1BEBDCD}.Debug|Any CPU.Build.0 = Debug|Any CPU
		{AF7EEBE6-EA19-4ECB-B417-D23CD1BEBDCD}.Release|Any CPU.ActiveCfg = Release|Any CPU
		{AF7EEBE6-EA19-4ECB-B417-D23CD1BEBDCD}.Release|Any CPU.Build.0 = Release|Any CPU
	EndGlobalSection
	GlobalSection(SolutionProperties) = preSolution
		HideSolutionNode = FALSE
	EndGlobalSection
	GlobalSection(ExtensibilityGlobals) = postSolution
		SolutionGuid = {D3437580-CB63-4C3D-BF60-922723C46043}
	EndGlobalSection
EndGlobal
